
Microsoft Visual Studio Solution File, Format Version 12.00
# Visual Studio Version 17
VisualStudioVersion = 17.5.33530.505
MinimumVisualStudioVersion = 10.0.40219.1
Project("{888888A0-9F3D-457C-B088-3A5042F75D52}") = "Seis-Seg", "Seis-Seg\Seis-Seg.pyproj", "{39C60675-9489-4ED7-92F1-D5C8217093F0}"
EndProject
Global
	GlobalSection(SolutionConfigurationPlatforms) = preSolution
		Debug|Any CPU = Debug|Any CPU
		Release|Any CPU = Release|Any CPU
	EndGlobalSection
	GlobalSection(ProjectConfigurationPlatforms) = postSolution
		{39C60675-9489-4ED7-92F1-D5C8217093F0}.Debug|Any CPU.ActiveCfg = Debug|Any CPU
		{39C60675-9489-4ED7-92F1-D5C8217093F0}.Release|Any CPU.ActiveCfg = Release|Any CPU
	EndGlobalSection
	GlobalSection(SolutionProperties) = preSolution
		HideSolutionNode = FALSE
	EndGlobalSection
	GlobalSection(ExtensibilityGlobals) = postSolution
		SolutionGuid = {EABD3633-AD0D-4472-86A6-AAD12999360B}
	EndGlobalSection
EndGlobal
